
Microsoft Visual Studio Solution File, Format Version 12.00
# Visual Studio Version 17
VisualStudioVersion = 17.8.34309.116
MinimumVisualStudioVersion = 10.0.40219.1
Project("{FAE04EC0-301F-11D3-BF4B-00C04F79EFBC}") = "LagDaemon.Ersatz", "LagDaemon.Ersatz\LagDaemon.Ersatz.csproj", "{AAB0FDAB-A421-45A5-AE57-D60822516025}"
EndProject
Global
	GlobalSection(SolutionConfigurationPlatforms) = preSolution
		Debug|Any CPU = Debug|Any CPU
		Release|Any CPU = Release|Any CPU
	EndGlobalSection
	GlobalSection(ProjectConfigurationPlatforms) = postSolution
		{AAB0FDAB-A421-45A5-AE57-D60822516025}.Debug|Any CPU.ActiveCfg = Debug|Any CPU
		{AAB0FDAB-A421-45A5-AE57-D60822516025}.Debug|Any CPU.Build.0 = Debug|Any CPU
		{AAB0FDAB-A421-45A5-AE57-D60822516025}.Release|Any CPU.ActiveCfg = Release|Any CPU
		{AAB0FDAB-A421-45A5-AE57-D60822516025}.Release|Any CPU.Build.0 = Release|Any CPU
	EndGlobalSection
	GlobalSection(SolutionProperties) = preSolution
		HideSolutionNode = FALSE
	EndGlobalSection
	GlobalSection(ExtensibilityGlobals) = postSolution
		SolutionGuid = {FD62BF7C-823B-4B7C-8313-1BA03D28AF3C}
	EndGlobalSection
EndGlobal
